
Microsoft Visual Studio Solution File, Format Version 12.00
# Visual Studio Version 17
VisualStudioVersion = 17.9.34723.18
MinimumVisualStudioVersion = 10.0.40219.1
Project("{FAE04EC0-301F-11D3-BF4B-00C04F79EFBC}") = "WebSignalRApp", "WebSignalRApp\WebSignalRApp.csproj", "{757BE474-F3F0-4859-AA81-2CADDB1FC624}"
EndProject
Global
	GlobalSection(SolutionConfigurationPlatforms) = preSolution
		Debug|Any CPU = Debug|Any CPU
		Release|Any CPU = Release|Any CPU
	EndGlobalSection
	GlobalSection(ProjectConfigurationPlatforms) = postSolution
		{757BE474-F3F0-4859-AA81-2CADDB1FC624}.Debug|Any CPU.ActiveCfg = Debug|Any CPU
		{757BE474-F3F0-4859-AA81-2CADDB1FC624}.Debug|Any CPU.Build.0 = Debug|Any CPU
		{757BE474-F3F0-4859-AA81-2CADDB1FC624}.Release|Any CPU.ActiveCfg = Release|Any CPU
		{757BE474-F3F0-4859-AA81-2CADDB1FC624}.Release|Any CPU.Build.0 = Release|Any CPU
	EndGlobalSection
	GlobalSection(SolutionProperties) = preSolution
		HideSolutionNode = FALSE
	EndGlobalSection
	GlobalSection(ExtensibilityGlobals) = postSolution
		SolutionGuid = {5EA91B28-03A9-4F35-A414-2348893252E1}
	EndGlobalSection
EndGlobal
